{
  "name": "service-boilerplate",
  "version": "1.0.0",
  "lockfileVersion": 2,
  "requires": true,
  "packages": {
    "": {
      "name": "service-boilerplate",
      "version": "1.0.0",
      "license": "MIT",
      "dependencies": {
        "@service-broker/service-broker-client": "^2.6.0",
        "dotenv": "^16.4.7"
      },
      "devDependencies": {
        "@types/node": "^22.10.5",
        "typescript": "^5.7.2"
      }
    },
    "node_modules/@lsdsoftware/state-machine": {
      "version": "1.3.0",
      "resolved": "https://registry.npmjs.org/@lsdsoftware/state-machine/-/state-machine-1.3.0.tgz",
      "integrity": "sha512-vNKZc/sWziuhwBl9l1HSq/PRlLRef5npZok3OpiG0RN+UjgJhQRiUkKUvr36SvS8avdm0QctiswC681cFSpSng=="
    },
    "node_modules/@service-broker/service-broker-client": {
      "version": "2.6.0",
      "resolved": "https://registry.npmjs.org/@service-broker/service-broker-client/-/service-broker-client-2.6.0.tgz",
      "integrity": "sha512-qseeyjidy0sInZxkJzvxWCOo2emF3fmxwf04+NocYNA6JCep7O8a/PCBTHS4hM+CSk9OEZrWT9Cka6VglkmxbQ==",
      "dependencies": {
        "@lsdsoftware/state-machine": "^1.3.0",
        "ws": "^8.18.0"
      }
    },
    "node_modules/@types/node": {
      "version": "22.10.5",
      "resolved": "https://registry.npmjs.org/@types/node/-/node-22.10.5.tgz",
      "integrity": "sha512-F8Q+SeGimwOo86fiovQh8qiXfFEh2/ocYv7tU5pJ3EXMSSxk1Joj5wefpFK2fHTf/N6HKGSxIDBT9f3gCxXPkQ==",
      "dev": true,
      "dependencies": {
        "undici-types": "~6.20.0"
      }
    },
    "node_modules/dotenv": {
      "version": "16.4.7",
      "resolved": "https://registry.npmjs.org/dotenv/-/dotenv-16.4.7.tgz",
      "integrity": "sha512-47qPchRCykZC03FhkYAhrvwU4xDBFIj1QPqaarj6mdM/hgUzfPHcpkHJOn3mJAufFeeAxAzeGsr5X0M4k6fLZQ==",
      "engines": {
        "node": ">=12"
      },
      "funding": {
        "url": "https://dotenvx.com"
      }
    },
    "node_modules/typescript": {
      "version": "5.7.2",
      "resolved": "https://registry.npmjs.org/typescript/-/typescript-5.7.2.tgz",
      "integrity": "sha512-i5t66RHxDvVN40HfDd1PsEThGNnlMCMT3jMUuoh9/0TaqWevNontacunWyN02LA9/fIbEWlcHZcgTKb9QoaLfg==",
      "dev": true,
      "bin": {
        "tsc": "bin/tsc",
        "tsserver": "bin/tsserver"
      },
      "engines": {
        "node": ">=14.17"
      }
    },
    "node_modules/undici-types": {
      "version": "6.20.0",
      "resolved": "https://registry.npmjs.org/undici-types/-/undici-types-6.20.0.tgz",
      "integrity": "sha512-Ny6QZ2Nju20vw1SRHe3d9jVu6gJ+4e3+MMpqu7pqE5HT6WsTSlce++GQmK5UXS8mzV8DSYHrQH+Xrf2jVcuKNg==",
      "dev": true
    },
    "node_modules/ws": {
      "version": "8.18.0",
      "resolved": "https://registry.npmjs.org/ws/-/ws-8.18.0.tgz",
      "integrity": "sha512-8VbfWfHLbbwu3+N6OKsOMpBdT4kXPDDB9cJk2bJ6mh9ucxdlnNvH1e+roYkKmN9Nxw2yjz7VzeO9oOz2zJ04Pw==",
      "engines": {
        "node": ">=10.0.0"
      },
      "peerDependencies": {
        "bufferutil": "^4.0.1",
        "utf-8-validate": ">=5.0.2"
      },
      "peerDependenciesMeta": {
        "bufferutil": {
          "optional": true
        },
        "utf-8-validate": {
          "optional": true
        }
      }
    }
  },
  "dependencies": {
    "@lsdsoftware/state-machine": {
      "version": "1.3.0",
      "resolved": "https://registry.npmjs.org/@lsdsoftware/state-machine/-/state-machine-1.3.0.tgz",
      "integrity": "sha512-vNKZc/sWziuhwBl9l1HSq/PRlLRef5npZok3OpiG0RN+UjgJhQRiUkKUvr36SvS8avdm0QctiswC681cFSpSng=="
    },
    "@service-broker/service-broker-client": {
      "version": "2.6.0",
      "resolved": "https://registry.npmjs.org/@service-broker/service-broker-client/-/service-broker-client-2.6.0.tgz",
      "integrity": "sha512-qseeyjidy0sInZxkJzvxWCOo2emF3fmxwf04+NocYNA6JCep7O8a/PCBTHS4hM+CSk9OEZrWT9Cka6VglkmxbQ==",
      "requires": {
        "@lsdsoftware/state-machine": "^1.3.0",
        "ws": "^8.18.0"
      }
    },
    "@types/node": {
      "version": "22.10.5",
      "resolved": "https://registry.npmjs.org/@types/node/-/node-22.10.5.tgz",
      "integrity": "sha512-F8Q+SeGimwOo86fiovQh8qiXfFEh2/ocYv7tU5pJ3EXMSSxk1Joj5wefpFK2fHTf/N6HKGSxIDBT9f3gCxXPkQ==",
      "dev": true,
      "requires": {
        "undici-types": "~6.20.0"
      }
    },
    "dotenv": {
      "version": "16.4.7",
      "resolved": "https://registry.npmjs.org/dotenv/-/dotenv-16.4.7.tgz",
      "integrity": "sha512-47qPchRCykZC03FhkYAhrvwU4xDBFIj1QPqaarj6mdM/hgUzfPHcpkHJOn3mJAufFeeAxAzeGsr5X0M4k6fLZQ=="
    },
    "typescript": {
      "version": "5.7.2",
      "resolved": "https://registry.npmjs.org/typescript/-/typescript-5.7.2.tgz",
      "integrity": "sha512-i5t66RHxDvVN40HfDd1PsEThGNnlMCMT3jMUuoh9/0TaqWevNontacunWyN02LA9/fIbEWlcHZcgTKb9QoaLfg==",
      "dev": true
    },
    "undici-types": {
      "version": "6.20.0",
      "resolved": "https://registry.npmjs.org/undici-types/-/undici-types-6.20.0.tgz",
      "integrity": "sha512-Ny6QZ2Nju20vw1SRHe3d9jVu6gJ+4e3+MMpqu7pqE5HT6WsTSlce++GQmK5UXS8mzV8DSYHrQH+Xrf2jVcuKNg==",
      "dev": true
    },
    "ws": {
      "version": "8.18.0",
      "resolved": "https://registry.npmjs.org/ws/-/ws-8.18.0.tgz",
      "integrity": "sha512-8VbfWfHLbbwu3+N6OKsOMpBdT4kXPDDB9cJk2bJ6mh9ucxdlnNvH1e+roYkKmN9Nxw2yjz7VzeO9oOz2zJ04Pw==",
      "requires": {}
    }
  }
}
